[[package]]
name = "altgraph"
version = "0.17"
description = "Python graph (network) package"
category = "dev"
optional = false
python-versions = "*"

[[package]]
name = "future"
version = "0.18.2"
description = "Clean single-source support for Python 3 and 2"
category = "dev"
optional = false
python-versions = ">=2.6, !=3.0.*, !=3.1.*, !=3.2.*"

[[package]]
name = "macholib"
version = "1.15.1"
description = "Mach-O header analysis and editing"
category = "dev"
optional = false
python-versions = "*"

[package.dependencies]
altgraph = ">=0.15"

[[package]]
name = "pefile"
version = "2021.5.24"
description = "Python PE parsing module"
category = "dev"
optional = false
python-versions = ">=3.6.0"

[package.dependencies]
future = "*"

[[package]]
name = "pyinstaller"
version = "4.5.1"
description = "PyInstaller bundles a Python application and all its dependencies into a single package."
category = "dev"
optional = false
python-versions = ">=3.6"

[package.dependencies]
altgraph = "*"
macholib = {version = ">=1.8", markers = "sys_platform == \"darwin\""}
pefile = {version = ">=2017.8.1", markers = "sys_platform == \"win32\""}
pyinstaller-hooks-contrib = ">=2020.6"
pywin32-ctypes = {version = ">=0.2.0", markers = "sys_platform == \"win32\""}

[package.extras]
encryption = ["tinyaes (>=1.0.0)"]
hook_testing = ["pytest (>=2.7.3)", "execnet (>=1.5.0)", "psutil"]

[[package]]
name = "pyinstaller-hooks-contrib"
version = "2021.3"
description = "Community maintained hooks for PyInstaller"
category = "dev"
optional = false
python-versions = "*"

[[package]]
name = "pyside6"
version = "6.1.2"
description = "Python bindings for the Qt cross-platform application and UI framework"
category = "main"
optional = false
python-versions = ">=3.6, <3.10"

[package.dependencies]
shiboken6 = "6.1.2"

[[package]]
name = "pywin32-ctypes"
version = "0.2.0"
description = ""
category = "dev"
optional = false
python-versions = "*"

[[package]]
name = "shiboken6"
version = "6.1.2"
description = "Python / C++ bindings helper module"
category = "main"
optional = false
python-versions = ">=3.6, <3.10"

[metadata]
lock-version = "1.1"
python-versions = "~3.9"
content-hash = "23b91eee1f51988362ba3ebbd4f821e8dc7d62bd2c799e17b610658bf80d0285"

[metadata.files]
altgraph = [
    {file = "altgraph-0.17-py2.py3-none-any.whl", hash = "sha256:c623e5f3408ca61d4016f23a681b9adb100802ca3e3da5e718915a9e4052cebe"},
    {file = "altgraph-0.17.tar.gz", hash = "sha256:1f05a47122542f97028caf78775a095fbe6a2699b5089de8477eb583167d69aa"},
]
future = [
    {file = "future-0.18.2.tar.gz", hash = "sha256:b1bead90b70cf6ec3f0710ae53a525360fa360d306a86583adc6bf83a4db537d"},
]
macholib = [
    {file = "macholib-1.15.1-py2.py3-none-any.whl", hash = "sha256:3781768cdbc8c7996cbf0c61844e80e715f870385358b17602b1c9c1eba9f48e"},
    {file = "macholib-1.15.1.tar.gz", hash = "sha256:96ce0efeea6adadda0e20bc2366314646483b5504119c2212b24838cf0cb80b1"},
]
pefile = [
    {file = "pefile-2021.5.24.tar.gz", hash = "sha256:ed79b2353daa58421459abf4d685953bde0adf9f6e188944f97ba9795f100246"},
]
pyinstaller = [
    {file = "pyinstaller-4.5.1-py3-none-macosx_10_13_universal2.whl", hash = "sha256:ecc2baadeeefd2b6fbf39d13c65d4aa603afdda1c6aaaebc4577ba72893fee9e"},
    {file = "pyinstaller-4.5.1-py3-none-manylinux2014_aarch64.whl", hash = "sha256:4d848cd782ee0893d7ad9fe2bfe535206a79f0b6760cecc5f2add831258b9322"},
    {file = "pyinstaller-4.5.1-py3-none-manylinux2014_i686.whl", hash = "sha256:8f747b190e6ad30e2d2fd5da9a64636f61aac8c038c0b7f685efa92c782ea14f"},
    {file = "pyinstaller-4.5.1-py3-none-manylinux2014_x86_64.whl", hash = "sha256:c587da8f521a7ce1b9efb4e3d0117cd63c92dc6cedff24590aeef89372f53012"},
    {file = "pyinstaller-4.5.1-py3-none-win32.whl", hash = "sha256:fed9f5e4802769a416a8f2ca171c6be961d1861cc05a0b71d20dfe05423137e9"},
    {file = "pyinstaller-4.5.1-py3-none-win_amd64.whl", hash = "sha256:aae456205c68355f9597411090576bb31b614e53976b4c102d072bbe5db8392a"},
    {file = "pyinstaller-4.5.1.tar.gz", hash = "sha256:30733baaf8971902286a0ddf77e5499ac5f7bf8e7c39163e83d4f8c696ef265e"},
]
pyinstaller-hooks-contrib = [
    {file = "pyinstaller-hooks-contrib-2021.3.tar.gz", hash = "sha256:169b09802a19f83593114821d6ba0416a05c7071ef0ca394f7bfb7e2c0c916c8"},
    {file = "pyinstaller_hooks_contrib-2021.3-py2.py3-none-any.whl", hash = "sha256:a52bc3834281266bbf77239cfc9521923336ca622f44f90924546ed6c6d3ad5e"},
]
pyside6 = [
    {file = "PySide6-6.1.2-6.1.2-cp36.cp37.cp38.cp39-abi3-macosx_10_14_x86_64.whl", hash = "sha256:d95286a6d59f29f5cad18c4346166f94bfedff9a61056d9b30d641e7a6ee0b28"},
    {file = "PySide6-6.1.2-6.1.2-cp36.cp37.cp38.cp39-abi3-manylinux1_x86_64.whl", hash = "sha256:dab04edbde131d09a885fc2c945d9ea3f8e90e6d73546e66de5c2265c4731cf9"},
    {file = "PySide6-6.1.2-6.1.2-cp36.cp37.cp38.cp39-none-win_amd64.whl", hash = "sha256:2dda3467d56ec76031b36ce2571e931cf5f3b6682497edc8a004e0360436da5d"},
]
pywin32-ctypes = [
    {file = "pywin32-ctypes-0.2.0.tar.gz", hash = "sha256:24ffc3b341d457d48e8922352130cf2644024a4ff09762a2261fd34c36ee5942"},
    {file = "pywin32_ctypes-0.2.0-py2.py3-none-any.whl", hash = "sha256:9dc2d991b3479cc2df15930958b674a48a227d5361d413827a4cfd0b5876fc98"},
]
shiboken6 = [
    {file = "shiboken6-6.1.2-6.1.2-cp36.cp37.cp38.cp39-abi3-macosx_10_14_x86_64.whl", hash = "sha256:acdbf0f085d8d07125ca5acc2ee6b1c56c97c91bd924ebfbcee7ac7d166e7bbe"},
    {file = "shiboken6-6.1.2-6.1.2-cp36.cp37.cp38.cp39-abi3-manylinux1_x86_64.whl", hash = "sha256:745428c03831f5d60c3ad08b2cbcf25342aef5abfba9d7e79b3a25b38d4bff31"},
    {file = "shiboken6-6.1.2-6.1.2-cp36.cp37.cp38.cp39-none-win_amd64.whl", hash = "sha256:6b60c5f7ca1a272526c49a9e5f4cc9a4f5657e89c2c36eaa81f24b4c027847d9"},
]
