[[package]]
name = "altgraph"
version = "0.17.2"
description = "Python graph (network) package"
category = "dev"
optional = false
python-versions = "*"

[[package]]
name = "async-generator"
version = "1.10"
description = "Async generators and context managers for Python 3.5+"
category = "main"
optional = false
python-versions = ">=3.5"

[[package]]
name = "attrs"
version = "21.2.0"
description = "Classes Without Boilerplate"
category = "main"
optional = false
python-versions = ">=2.7, !=3.0.*, !=3.1.*, !=3.2.*, !=3.3.*, !=3.4.*"

[package.extras]
dev = ["coverage[toml] (>=5.0.2)", "hypothesis", "pympler", "pytest (>=4.3.0)", "six", "mypy", "pytest-mypy-plugins", "zope.interface", "furo", "sphinx", "sphinx-notfound-page", "pre-commit"]
docs = ["furo", "sphinx", "zope.interface", "sphinx-notfound-page"]
tests = ["coverage[toml] (>=5.0.2)", "hypothesis", "pympler", "pytest (>=4.3.0)", "six", "mypy", "pytest-mypy-plugins", "zope.interface"]
tests_no_zope = ["coverage[toml] (>=5.0.2)", "hypothesis", "pympler", "pytest (>=4.3.0)", "six", "mypy", "pytest-mypy-plugins"]

[[package]]
name = "certifi"
version = "2021.5.30"
description = "Python package for providing Mozilla's CA Bundle."
category = "main"
optional = false
python-versions = "*"

[[package]]
name = "cffi"
version = "1.14.6"
description = "Foreign Function Interface for Python calling C code."
category = "main"
optional = false
python-versions = "*"

[package.dependencies]
pycparser = "*"

[[package]]
name = "cryptography"
version = "3.4.8"
description = "cryptography is a package which provides cryptographic recipes and primitives to Python developers."
category = "main"
optional = false
python-versions = ">=3.6"

[package.dependencies]
cffi = ">=1.12"

[package.extras]
docs = ["sphinx (>=1.6.5,!=1.8.0,!=3.1.0,!=3.1.1)", "sphinx-rtd-theme"]
docstest = ["doc8", "pyenchant (>=1.6.11)", "twine (>=1.12.0)", "sphinxcontrib-spelling (>=4.0.1)"]
pep8test = ["black", "flake8", "flake8-import-order", "pep8-naming"]
sdist = ["setuptools-rust (>=0.11.4)"]
ssh = ["bcrypt (>=3.1.5)"]
test = ["pytest (>=6.0)", "pytest-cov", "pytest-subtests", "pytest-xdist", "pretend", "iso8601", "pytz", "hypothesis (>=1.11.4,!=3.79.2)"]

[[package]]
name = "dacite"
version = "1.6.0"
description = "Simple creation of data classes from dictionaries."
category = "main"
optional = false
python-versions = ">=3.6"

[package.extras]
dev = ["pytest (>=5)", "pytest-cov", "coveralls", "black", "mypy", "pylint"]

[[package]]
name = "future"
version = "0.18.2"
description = "Clean single-source support for Python 3 and 2"
category = "dev"
optional = false
python-versions = ">=2.6, !=3.0.*, !=3.1.*, !=3.2.*"

[[package]]
name = "h11"
version = "0.12.0"
description = "A pure-Python, bring-your-own-I/O implementation of HTTP/1.1"
category = "main"
optional = false
python-versions = ">=3.6"

[[package]]
name = "idna"
version = "3.2"
description = "Internationalized Domain Names in Applications (IDNA)"
category = "main"
optional = false
python-versions = ">=3.5"

[[package]]
name = "macholib"
version = "1.15.2"
description = "Mach-O header analysis and editing"
category = "dev"
optional = false
python-versions = "*"

[package.dependencies]
altgraph = ">=0.15"

[[package]]
name = "outcome"
version = "1.1.0"
description = "Capture the outcome of Python function calls."
category = "main"
optional = false
python-versions = ">=3.6"

[package.dependencies]
attrs = ">=19.2.0"

[[package]]
name = "pefile"
version = "2021.9.3"
description = "Python PE parsing module"
category = "dev"
optional = false
python-versions = ">=3.6.0"

[package.dependencies]
future = "*"

[[package]]
name = "pycparser"
version = "2.20"
description = "C parser in Python"
category = "main"
optional = false
python-versions = ">=2.7, !=3.0.*, !=3.1.*, !=3.2.*, !=3.3.*"

[[package]]
name = "pyinstaller"
version = "4.5.1"
description = "PyInstaller bundles a Python application and all its dependencies into a single package."
category = "dev"
optional = false
python-versions = ">=3.6"

[package.dependencies]
altgraph = "*"
macholib = {version = ">=1.8", markers = "sys_platform == \"darwin\""}
pefile = {version = ">=2017.8.1", markers = "sys_platform == \"win32\""}
pyinstaller-hooks-contrib = ">=2020.6"
pywin32-ctypes = {version = ">=0.2.0", markers = "sys_platform == \"win32\""}

[package.extras]
encryption = ["tinyaes (>=1.0.0)"]
hook_testing = ["pytest (>=2.7.3)", "execnet (>=1.5.0)", "psutil"]

[[package]]
name = "pyinstaller-hooks-contrib"
version = "2021.3"
description = "Community maintained hooks for PyInstaller"
category = "dev"
optional = false
python-versions = "*"

[[package]]
name = "pyopenssl"
version = "20.0.1"
description = "Python wrapper module around the OpenSSL library"
category = "main"
optional = false
python-versions = ">=2.7,!=3.0.*,!=3.1.*,!=3.2.*,!=3.3.*,!=3.4.*"

[package.dependencies]
cryptography = ">=3.2"
six = ">=1.5.2"

[package.extras]
docs = ["sphinx", "sphinx-rtd-theme"]
test = ["flaky", "pretend", "pytest (>=3.0.1)"]

[[package]]
name = "pyside6"
version = "6.1.3"
description = "Python bindings for the Qt cross-platform application and UI framework"
category = "main"
optional = false
python-versions = ">=3.6, <3.10"

[package.dependencies]
shiboken6 = "6.1.3"

[[package]]
name = "pywin32-ctypes"
version = "0.2.0"
description = ""
category = "dev"
optional = false
python-versions = "*"

[[package]]
name = "selenium"
version = "4.0.0.rc1"
description = ""
category = "main"
optional = false
python-versions = "~=3.7"

[package.dependencies]
trio = ">=0.17,<1.0"
trio-websocket = ">=0.9,<1.0"
urllib3 = {version = ">=1.26,<2.0", extras = ["secure"]}

[[package]]
name = "shiboken6"
version = "6.1.3"
description = "Python / C++ bindings helper module"
category = "main"
optional = false
python-versions = ">=3.6, <3.10"

[[package]]
name = "six"
version = "1.16.0"
description = "Python 2 and 3 compatibility utilities"
category = "main"
optional = false
python-versions = ">=2.7, !=3.0.*, !=3.1.*, !=3.2.*"

[[package]]
name = "sniffio"
version = "1.2.0"
description = "Sniff out which async library your code is running under"
category = "main"
optional = false
python-versions = ">=3.5"

[[package]]
name = "sortedcontainers"
version = "2.4.0"
description = "Sorted Containers -- Sorted List, Sorted Dict, Sorted Set"
category = "main"
optional = false
python-versions = "*"

[[package]]
name = "toml"
version = "0.10.2"
description = "Python Library for Tom's Obvious, Minimal Language"
category = "main"
optional = false
python-versions = ">=2.6, !=3.0.*, !=3.1.*, !=3.2.*"

[[package]]
name = "trio"
version = "0.19.0"
description = "A friendly Python library for async concurrency and I/O"
category = "main"
optional = false
python-versions = ">=3.6"

[package.dependencies]
async-generator = ">=1.9"
attrs = ">=19.2.0"
cffi = {version = ">=1.14", markers = "os_name == \"nt\" and implementation_name != \"pypy\""}
idna = "*"
outcome = "*"
sniffio = "*"
sortedcontainers = "*"

[[package]]
name = "trio-websocket"
version = "0.9.2"
description = "WebSocket library for Trio"
category = "main"
optional = false
python-versions = ">=3.5"

[package.dependencies]
async-generator = ">=1.10"
trio = ">=0.11"
wsproto = ">=0.14"

[[package]]
name = "urllib3"
version = "1.26.6"
description = "HTTP library with thread-safe connection pooling, file post, and more."
category = "main"
optional = false
python-versions = ">=2.7, !=3.0.*, !=3.1.*, !=3.2.*, !=3.3.*, !=3.4.*, <4"

[package.dependencies]
certifi = {version = "*", optional = true, markers = "extra == \"secure\""}
cryptography = {version = ">=1.3.4", optional = true, markers = "extra == \"secure\""}
idna = {version = ">=2.0.0", optional = true, markers = "extra == \"secure\""}
pyOpenSSL = {version = ">=0.14", optional = true, markers = "extra == \"secure\""}

[package.extras]
brotli = ["brotlipy (>=0.6.0)"]
secure = ["pyOpenSSL (>=0.14)", "cryptography (>=1.3.4)", "idna (>=2.0.0)", "certifi", "ipaddress"]
socks = ["PySocks (>=1.5.6,!=1.5.7,<2.0)"]

[[package]]
name = "wsproto"
version = "1.0.0"
description = "WebSockets state-machine based protocol implementation"
category = "main"
optional = false
python-versions = ">=3.6.1"

[package.dependencies]
h11 = ">=0.9.0,<1"

[metadata]
lock-version = "1.1"
python-versions = "~3.9"
content-hash = "f9b4e11aa770e1a7a497030f1993a6c6cd0133410638edad66c3857e0e336854"

[metadata.files]
altgraph = [
    {file = "altgraph-0.17.2-py2.py3-none-any.whl", hash = "sha256:743628f2ac6a7c26f5d9223c91ed8ecbba535f506f4b6f558885a8a56a105857"},
    {file = "altgraph-0.17.2.tar.gz", hash = "sha256:ebf2269361b47d97b3b88e696439f6e4cbc607c17c51feb1754f90fb79839158"},
]
async-generator = [
    {file = "async_generator-1.10-py3-none-any.whl", hash = "sha256:01c7bf666359b4967d2cda0000cc2e4af16a0ae098cbffcb8472fb9e8ad6585b"},
    {file = "async_generator-1.10.tar.gz", hash = "sha256:6ebb3d106c12920aaae42ccb6f787ef5eefdcdd166ea3d628fa8476abe712144"},
]
attrs = [
    {file = "attrs-21.2.0-py2.py3-none-any.whl", hash = "sha256:149e90d6d8ac20db7a955ad60cf0e6881a3f20d37096140088356da6c716b0b1"},
    {file = "attrs-21.2.0.tar.gz", hash = "sha256:ef6aaac3ca6cd92904cdd0d83f629a15f18053ec84e6432106f7a4d04ae4f5fb"},
]
certifi = [
    {file = "certifi-2021.5.30-py2.py3-none-any.whl", hash = "sha256:50b1e4f8446b06f41be7dd6338db18e0990601dce795c2b1686458aa7e8fa7d8"},
    {file = "certifi-2021.5.30.tar.gz", hash = "sha256:2bbf76fd432960138b3ef6dda3dde0544f27cbf8546c458e60baf371917ba9ee"},
]
cffi = [
    {file = "cffi-1.14.6-cp27-cp27m-macosx_10_9_x86_64.whl", hash = "sha256:22b9c3c320171c108e903d61a3723b51e37aaa8c81255b5e7ce102775bd01e2c"},
    {file = "cffi-1.14.6-cp27-cp27m-manylinux1_i686.whl", hash = "sha256:f0c5d1acbfca6ebdd6b1e3eded8d261affb6ddcf2186205518f1428b8569bb99"},
    {file = "cffi-1.14.6-cp27-cp27m-manylinux1_x86_64.whl", hash = "sha256:99f27fefe34c37ba9875f224a8f36e31d744d8083e00f520f133cab79ad5e819"},
    {file = "cffi-1.14.6-cp27-cp27m-win32.whl", hash = "sha256:55af55e32ae468e9946f741a5d51f9896da6b9bf0bbdd326843fec05c730eb20"},
    {file = "cffi-1.14.6-cp27-cp27m-win_amd64.whl", hash = "sha256:7bcac9a2b4fdbed2c16fa5681356d7121ecabf041f18d97ed5b8e0dd38a80224"},
    {file = "cffi-1.14.6-cp27-cp27mu-manylinux1_i686.whl", hash = "sha256:ed38b924ce794e505647f7c331b22a693bee1538fdf46b0222c4717b42f744e7"},
    {file = "cffi-1.14.6-cp27-cp27mu-manylinux1_x86_64.whl", hash = "sha256:e22dcb48709fc51a7b58a927391b23ab37eb3737a98ac4338e2448bef8559b33"},
    {file = "cffi-1.14.6-cp35-cp35m-macosx_10_9_x86_64.whl", hash = "sha256:aedb15f0a5a5949ecb129a82b72b19df97bbbca024081ed2ef88bd5c0a610534"},
    {file = "cffi-1.14.6-cp35-cp35m-manylinux1_i686.whl", hash = "sha256:48916e459c54c4a70e52745639f1db524542140433599e13911b2f329834276a"},
    {file = "cffi-1.14.6-cp35-cp35m-manylinux1_x86_64.whl", hash = "sha256:f627688813d0a4140153ff532537fbe4afea5a3dffce1f9deb7f91f848a832b5"},
    {file = "cffi-1.14.6-cp35-cp35m-win32.whl", hash = "sha256:f0010c6f9d1a4011e429109fda55a225921e3206e7f62a0c22a35344bfd13cca"},
    {file = "cffi-1.14.6-cp35-cp35m-win_amd64.whl", hash = "sha256:57e555a9feb4a8460415f1aac331a2dc833b1115284f7ded7278b54afc5bd218"},
    {file = "cffi-1.14.6-cp36-cp36m-macosx_10_9_x86_64.whl", hash = "sha256:e8c6a99be100371dbb046880e7a282152aa5d6127ae01783e37662ef73850d8f"},
    {file = "cffi-1.14.6-cp36-cp36m-manylinux1_i686.whl", hash = "sha256:19ca0dbdeda3b2615421d54bef8985f72af6e0c47082a8d26122adac81a95872"},
    {file = "cffi-1.14.6-cp36-cp36m-manylinux1_x86_64.whl", hash = "sha256:d950695ae4381ecd856bcaf2b1e866720e4ab9a1498cba61c602e56630ca7195"},
    {file = "cffi-1.14.6-cp36-cp36m-manylinux_2_17_aarch64.manylinux2014_aarch64.whl", hash = "sha256:e9dc245e3ac69c92ee4c167fbdd7428ec1956d4e754223124991ef29eb57a09d"},
    {file = "cffi-1.14.6-cp36-cp36m-manylinux_2_17_ppc64le.manylinux2014_ppc64le.whl", hash = "sha256:a8661b2ce9694ca01c529bfa204dbb144b275a31685a075ce123f12331be790b"},
    {file = "cffi-1.14.6-cp36-cp36m-manylinux_2_17_s390x.manylinux2014_s390x.whl", hash = "sha256:b315d709717a99f4b27b59b021e6207c64620790ca3e0bde636a6c7f14618abb"},
    {file = "cffi-1.14.6-cp36-cp36m-win32.whl", hash = "sha256:80b06212075346b5546b0417b9f2bf467fea3bfe7352f781ffc05a8ab24ba14a"},
    {file = "cffi-1.14.6-cp36-cp36m-win_amd64.whl", hash = "sha256:a9da7010cec5a12193d1af9872a00888f396aba3dc79186604a09ea3ee7c029e"},
    {file = "cffi-1.14.6-cp37-cp37m-macosx_10_9_x86_64.whl", hash = "sha256:4373612d59c404baeb7cbd788a18b2b2a8331abcc84c3ba40051fcd18b17a4d5"},
    {file = "cffi-1.14.6-cp37-cp37m-manylinux1_i686.whl", hash = "sha256:f10afb1004f102c7868ebfe91c28f4a712227fe4cb24974350ace1f90e1febbf"},
    {file = "cffi-1.14.6-cp37-cp37m-manylinux1_x86_64.whl", hash = "sha256:fd4305f86f53dfd8cd3522269ed7fc34856a8ee3709a5e28b2836b2db9d4cd69"},
    {file = "cffi-1.14.6-cp37-cp37m-manylinux_2_17_aarch64.manylinux2014_aarch64.whl", hash = "sha256:6d6169cb3c6c2ad50db5b868db6491a790300ade1ed5d1da29289d73bbe40b56"},
    {file = "cffi-1.14.6-cp37-cp37m-manylinux_2_17_ppc64le.manylinux2014_ppc64le.whl", hash = "sha256:5d4b68e216fc65e9fe4f524c177b54964af043dde734807586cf5435af84045c"},
    {file = "cffi-1.14.6-cp37-cp37m-manylinux_2_17_s390x.manylinux2014_s390x.whl", hash = "sha256:33791e8a2dc2953f28b8d8d300dde42dd929ac28f974c4b4c6272cb2955cb762"},
    {file = "cffi-1.14.6-cp37-cp37m-win32.whl", hash = "sha256:0c0591bee64e438883b0c92a7bed78f6290d40bf02e54c5bf0978eaf36061771"},
    {file = "cffi-1.14.6-cp37-cp37m-win_amd64.whl", hash = "sha256:8eb687582ed7cd8c4bdbff3df6c0da443eb89c3c72e6e5dcdd9c81729712791a"},
    {file = "cffi-1.14.6-cp38-cp38-macosx_10_9_x86_64.whl", hash = "sha256:ba6f2b3f452e150945d58f4badd92310449876c4c954836cfb1803bdd7b422f0"},
    {file = "cffi-1.14.6-cp38-cp38-manylinux1_i686.whl", hash = "sha256:64fda793737bc4037521d4899be780534b9aea552eb673b9833b01f945904c2e"},
    {file = "cffi-1.14.6-cp38-cp38-manylinux1_x86_64.whl", hash = "sha256:9f3e33c28cd39d1b655ed1ba7247133b6f7fc16fa16887b120c0c670e35ce346"},
    {file = "cffi-1.14.6-cp38-cp38-manylinux_2_17_aarch64.manylinux2014_aarch64.whl", hash = "sha256:26bb2549b72708c833f5abe62b756176022a7b9a7f689b571e74c8478ead51dc"},
    {file = "cffi-1.14.6-cp38-cp38-manylinux_2_17_ppc64le.manylinux2014_ppc64le.whl", hash = "sha256:eb687a11f0a7a1839719edd80f41e459cc5366857ecbed383ff376c4e3cc6afd"},
    {file = "cffi-1.14.6-cp38-cp38-manylinux_2_17_s390x.manylinux2014_s390x.whl", hash = "sha256:d2ad4d668a5c0645d281dcd17aff2be3212bc109b33814bbb15c4939f44181cc"},
    {file = "cffi-1.14.6-cp38-cp38-win32.whl", hash = "sha256:487d63e1454627c8e47dd230025780e91869cfba4c753a74fda196a1f6ad6548"},
    {file = "cffi-1.14.6-cp38-cp38-win_amd64.whl", hash = "sha256:c33d18eb6e6bc36f09d793c0dc58b0211fccc6ae5149b808da4a62660678b156"},
    {file = "cffi-1.14.6-cp39-cp39-macosx_10_9_x86_64.whl", hash = "sha256:06c54a68935738d206570b20da5ef2b6b6d92b38ef3ec45c5422c0ebaf338d4d"},
    {file = "cffi-1.14.6-cp39-cp39-manylinux1_i686.whl", hash = "sha256:f174135f5609428cc6e1b9090f9268f5c8935fddb1b25ccb8255a2d50de6789e"},
    {file = "cffi-1.14.6-cp39-cp39-manylinux1_x86_64.whl", hash = "sha256:f3ebe6e73c319340830a9b2825d32eb6d8475c1dac020b4f0aa774ee3b898d1c"},
    {file = "cffi-1.14.6-cp39-cp39-manylinux_2_17_aarch64.manylinux2014_aarch64.whl", hash = "sha256:3c8d896becff2fa653dc4438b54a5a25a971d1f4110b32bd3068db3722c80202"},
    {file = "cffi-1.14.6-cp39-cp39-manylinux_2_17_ppc64le.manylinux2014_ppc64le.whl", hash = "sha256:4922cd707b25e623b902c86188aca466d3620892db76c0bdd7b99a3d5e61d35f"},
    {file = "cffi-1.14.6-cp39-cp39-manylinux_2_17_s390x.manylinux2014_s390x.whl", hash = "sha256:c9e005e9bd57bc987764c32a1bee4364c44fdc11a3cc20a40b93b444984f2b87"},
    {file = "cffi-1.14.6-cp39-cp39-win32.whl", hash = "sha256:eb9e2a346c5238a30a746893f23a9535e700f8192a68c07c0258e7ece6ff3728"},
    {file = "cffi-1.14.6-cp39-cp39-win_amd64.whl", hash = "sha256:818014c754cd3dba7229c0f5884396264d51ffb87ec86e927ef0be140bfdb0d2"},
    {file = "cffi-1.14.6.tar.gz", hash = "sha256:c9a875ce9d7fe32887784274dd533c57909b7b1dcadcc128a2ac21331a9765dd"},
]
cryptography = [
    {file = "cryptography-3.4.8-cp36-abi3-macosx_10_10_x86_64.whl", hash = "sha256:a00cf305f07b26c351d8d4e1af84ad7501eca8a342dedf24a7acb0e7b7406e14"},
    {file = "cryptography-3.4.8-cp36-abi3-macosx_11_0_arm64.whl", hash = "sha256:f44d141b8c4ea5eb4dbc9b3ad992d45580c1d22bf5e24363f2fbf50c2d7ae8a7"},
    {file = "cryptography-3.4.8-cp36-abi3-manylinux_2_12_x86_64.manylinux2010_x86_64.whl", hash = "sha256:0a7dcbcd3f1913f664aca35d47c1331fce738d44ec34b7be8b9d332151b0b01e"},
    {file = "cryptography-3.4.8-cp36-abi3-manylinux_2_17_aarch64.manylinux2014_aarch64.whl", hash = "sha256:34dae04a0dce5730d8eb7894eab617d8a70d0c97da76b905de9efb7128ad7085"},
    {file = "cryptography-3.4.8-cp36-abi3-manylinux_2_17_x86_64.manylinux2014_x86_64.whl", hash = "sha256:1eb7bb0df6f6f583dd8e054689def236255161ebbcf62b226454ab9ec663746b"},
    {file = "cryptography-3.4.8-cp36-abi3-manylinux_2_24_x86_64.whl", hash = "sha256:9965c46c674ba8cc572bc09a03f4c649292ee73e1b683adb1ce81e82e9a6a0fb"},
    {file = "cryptography-3.4.8-cp36-abi3-win32.whl", hash = "sha256:21ca464b3a4b8d8e86ba0ee5045e103a1fcfac3b39319727bc0fc58c09c6aff7"},
    {file = "cryptography-3.4.8-cp36-abi3-win_amd64.whl", hash = "sha256:3520667fda779eb788ea00080124875be18f2d8f0848ec00733c0ec3bb8219fc"},
    {file = "cryptography-3.4.8-pp36-pypy36_pp73-manylinux_2_12_x86_64.manylinux2010_x86_64.whl", hash = "sha256:d2a6e5ef66503da51d2110edf6c403dc6b494cc0082f85db12f54e9c5d4c3ec5"},
    {file = "cryptography-3.4.8-pp36-pypy36_pp73-manylinux_2_17_x86_64.manylinux2014_x86_64.whl", hash = "sha256:a305600e7a6b7b855cd798e00278161b681ad6e9b7eca94c721d5f588ab212af"},
    {file = "cryptography-3.4.8-pp36-pypy36_pp73-manylinux_2_24_x86_64.whl", hash = "sha256:3fa3a7ccf96e826affdf1a0a9432be74dc73423125c8f96a909e3835a5ef194a"},
    {file = "cryptography-3.4.8-pp37-pypy37_pp73-macosx_10_10_x86_64.whl", hash = "sha256:d9ec0e67a14f9d1d48dd87a2531009a9b251c02ea42851c060b25c782516ff06"},
    {file = "cryptography-3.4.8-pp37-pypy37_pp73-manylinux_2_12_x86_64.manylinux2010_x86_64.whl", hash = "sha256:5b0fbfae7ff7febdb74b574055c7466da334a5371f253732d7e2e7525d570498"},
    {file = "cryptography-3.4.8-pp37-pypy37_pp73-manylinux_2_17_x86_64.manylinux2014_x86_64.whl", hash = "sha256:94fff993ee9bc1b2440d3b7243d488c6a3d9724cc2b09cdb297f6a886d040ef7"},
    {file = "cryptography-3.4.8-pp37-pypy37_pp73-manylinux_2_24_x86_64.whl", hash = "sha256:8695456444f277af73a4877db9fc979849cd3ee74c198d04fc0776ebc3db52b9"},
    {file = "cryptography-3.4.8-pp37-pypy37_pp73-win_amd64.whl", hash = "sha256:cd65b60cfe004790c795cc35f272e41a3df4631e2fb6b35aa7ac6ef2859d554e"},
    {file = "cryptography-3.4.8.tar.gz", hash = "sha256:94cc5ed4ceaefcbe5bf38c8fba6a21fc1d365bb8fb826ea1688e3370b2e24a1c"},
]
dacite = [
    {file = "dacite-1.6.0-py3-none-any.whl", hash = "sha256:4331535f7aabb505c732fa4c3c094313fc0a1d5ea19907bf4726a7819a68b93f"},
    {file = "dacite-1.6.0.tar.gz", hash = "sha256:d48125ed0a0352d3de9f493bf980038088f45f3f9d7498f090b50a847daaa6df"},
]
future = [
    {file = "future-0.18.2.tar.gz", hash = "sha256:b1bead90b70cf6ec3f0710ae53a525360fa360d306a86583adc6bf83a4db537d"},
]
h11 = [
    {file = "h11-0.12.0-py3-none-any.whl", hash = "sha256:36a3cb8c0a032f56e2da7084577878a035d3b61d104230d4bd49c0c6b555a9c6"},
    {file = "h11-0.12.0.tar.gz", hash = "sha256:47222cb6067e4a307d535814917cd98fd0a57b6788ce715755fa2b6c28b56042"},
]
idna = [
    {file = "idna-3.2-py3-none-any.whl", hash = "sha256:14475042e284991034cb48e06f6851428fb14c4dc953acd9be9a5e95c7b6dd7a"},
    {file = "idna-3.2.tar.gz", hash = "sha256:467fbad99067910785144ce333826c71fb0e63a425657295239737f7ecd125f3"},
]
macholib = [
    {file = "macholib-1.15.2-py2.py3-none-any.whl", hash = "sha256:885613dd02d3e26dbd2b541eb4cc4ce611b841f827c0958ab98656e478b9e6f6"},
    {file = "macholib-1.15.2.tar.gz", hash = "sha256:1542c41da3600509f91c165cb897e7e54c0e74008bd8da5da7ebbee519d593d2"},
]
outcome = [
    {file = "outcome-1.1.0-py2.py3-none-any.whl", hash = "sha256:c7dd9375cfd3c12db9801d080a3b63d4b0a261aa996c4c13152380587288d958"},
    {file = "outcome-1.1.0.tar.gz", hash = "sha256:e862f01d4e626e63e8f92c38d1f8d5546d3f9cce989263c521b2e7990d186967"},
]
pefile = [
    {file = "pefile-2021.9.3.tar.gz", hash = "sha256:344a49e40a94e10849f0fe34dddc80f773a12b40675bf2f7be4b8be578bdd94a"},
]
pycparser = [
    {file = "pycparser-2.20-py2.py3-none-any.whl", hash = "sha256:7582ad22678f0fcd81102833f60ef8d0e57288b6b5fb00323d101be910e35705"},
    {file = "pycparser-2.20.tar.gz", hash = "sha256:2d475327684562c3a96cc71adf7dc8c4f0565175cf86b6d7a404ff4c771f15f0"},
]
pyinstaller = [
    {file = "pyinstaller-4.5.1-py3-none-macosx_10_13_universal2.whl", hash = "sha256:ecc2baadeeefd2b6fbf39d13c65d4aa603afdda1c6aaaebc4577ba72893fee9e"},
    {file = "pyinstaller-4.5.1-py3-none-manylinux2014_aarch64.whl", hash = "sha256:4d848cd782ee0893d7ad9fe2bfe535206a79f0b6760cecc5f2add831258b9322"},
    {file = "pyinstaller-4.5.1-py3-none-manylinux2014_i686.whl", hash = "sha256:8f747b190e6ad30e2d2fd5da9a64636f61aac8c038c0b7f685efa92c782ea14f"},
    {file = "pyinstaller-4.5.1-py3-none-manylinux2014_x86_64.whl", hash = "sha256:c587da8f521a7ce1b9efb4e3d0117cd63c92dc6cedff24590aeef89372f53012"},
    {file = "pyinstaller-4.5.1-py3-none-win32.whl", hash = "sha256:fed9f5e4802769a416a8f2ca171c6be961d1861cc05a0b71d20dfe05423137e9"},
    {file = "pyinstaller-4.5.1-py3-none-win_amd64.whl", hash = "sha256:aae456205c68355f9597411090576bb31b614e53976b4c102d072bbe5db8392a"},
    {file = "pyinstaller-4.5.1.tar.gz", hash = "sha256:30733baaf8971902286a0ddf77e5499ac5f7bf8e7c39163e83d4f8c696ef265e"},
]
pyinstaller-hooks-contrib = [
    {file = "pyinstaller-hooks-contrib-2021.3.tar.gz", hash = "sha256:169b09802a19f83593114821d6ba0416a05c7071ef0ca394f7bfb7e2c0c916c8"},
    {file = "pyinstaller_hooks_contrib-2021.3-py2.py3-none-any.whl", hash = "sha256:a52bc3834281266bbf77239cfc9521923336ca622f44f90924546ed6c6d3ad5e"},
]
pyopenssl = [
    {file = "pyOpenSSL-20.0.1-py2.py3-none-any.whl", hash = "sha256:818ae18e06922c066f777a33f1fca45786d85edfe71cd043de6379337a7f274b"},
    {file = "pyOpenSSL-20.0.1.tar.gz", hash = "sha256:4c231c759543ba02560fcd2480c48dcec4dae34c9da7d3747c508227e0624b51"},
]
pyside6 = [
    {file = "PySide6-6.1.3-6.1.3-cp36.cp37.cp38.cp39-abi3-macosx_10_14_x86_64.whl", hash = "sha256:619b6bb4a3e5451fe939983cb9f5155f2cded44c8449f60a1d250747a48f00f3"},
    {file = "PySide6-6.1.3-6.1.3-cp36.cp37.cp38.cp39-abi3-manylinux1_x86_64.whl", hash = "sha256:64d69fd2d38b47982c06619f9969b6ae5c632f21f8ff2432e4953b0179a21411"},
    {file = "PySide6-6.1.3-6.1.3-cp36.cp37.cp38.cp39-none-win_amd64.whl", hash = "sha256:cbbe1a2bacca737b3000a8a18b0ba389ca93106800b10acb93660c1a5b6bfdec"},
]
pywin32-ctypes = [
    {file = "pywin32-ctypes-0.2.0.tar.gz", hash = "sha256:24ffc3b341d457d48e8922352130cf2644024a4ff09762a2261fd34c36ee5942"},
    {file = "pywin32_ctypes-0.2.0-py2.py3-none-any.whl", hash = "sha256:9dc2d991b3479cc2df15930958b674a48a227d5361d413827a4cfd0b5876fc98"},
]
selenium = [
    {file = "selenium-4.0.0.rc1-py3-none-any.whl", hash = "sha256:cb49278577d30ac26dc49a289ff0b6ed94f0a66a4d133db6cacc7658518a06f2"},
    {file = "selenium-4.0.0rc1-py3-none-any.whl", hash = "sha256:3262dc9b04c131e4ac34c0614bc54058a8227ef6cfefb37c509071c29d817ba5"},
]
shiboken6 = [
    {file = "shiboken6-6.1.3-6.1.3-cp36.cp37.cp38.cp39-abi3-macosx_10_14_x86_64.whl", hash = "sha256:7d285cb61dca4d543ea1ccd6f9bad1b555f222232dfc7240ebc7df83e21fb805"},
    {file = "shiboken6-6.1.3-6.1.3-cp36.cp37.cp38.cp39-abi3-manylinux1_x86_64.whl", hash = "sha256:c44d406263c1cbd1cb92efca02790c39b1563a25e888e3e5c7291aabd2363aee"},
    {file = "shiboken6-6.1.3-6.1.3-cp36.cp37.cp38.cp39-none-win_amd64.whl", hash = "sha256:10023b1b6b27318db74a2232e808c8e5691ec1ff39be89d9878fc60e0adbb690"},
]
six = [
    {file = "six-1.16.0-py2.py3-none-any.whl", hash = "sha256:8abb2f1d86890a2dfb989f9a77cfcfd3e47c2a354b01111771326f8aa26e0254"},
    {file = "six-1.16.0.tar.gz", hash = "sha256:1e61c37477a1626458e36f7b1d82aa5c9b094fa4802892072e49de9c60c4c926"},
]
sniffio = [
    {file = "sniffio-1.2.0-py3-none-any.whl", hash = "sha256:471b71698eac1c2112a40ce2752bb2f4a4814c22a54a3eed3676bc0f5ca9f663"},
    {file = "sniffio-1.2.0.tar.gz", hash = "sha256:c4666eecec1d3f50960c6bdf61ab7bc350648da6c126e3cf6898d8cd4ddcd3de"},
]
sortedcontainers = [
    {file = "sortedcontainers-2.4.0-py2.py3-none-any.whl", hash = "sha256:a163dcaede0f1c021485e957a39245190e74249897e2ae4b2aa38595db237ee0"},
    {file = "sortedcontainers-2.4.0.tar.gz", hash = "sha256:25caa5a06cc30b6b83d11423433f65d1f9d76c4c6a0c90e3379eaa43b9bfdb88"},
]
toml = [
    {file = "toml-0.10.2-py2.py3-none-any.whl", hash = "sha256:806143ae5bfb6a3c6e736a764057db0e6a0e05e338b5630894a5f779cabb4f9b"},
    {file = "toml-0.10.2.tar.gz", hash = "sha256:b3bda1d108d5dd99f4a20d24d9c348e91c4db7ab1b749200bded2f839ccbe68f"},
]
trio = [
    {file = "trio-0.19.0-py3-none-any.whl", hash = "sha256:c27c231e66336183c484fbfe080fa6cc954149366c15dc21db8b7290081ec7b8"},
    {file = "trio-0.19.0.tar.gz", hash = "sha256:895e318e5ec5e8cea9f60b473b6edb95b215e82d99556a03eb2d20c5e027efe1"},
]
trio-websocket = [
    {file = "trio-websocket-0.9.2.tar.gz", hash = "sha256:a3d34de8fac26023eee701ed1e7bf4da9a8326b61a62934ec9e53b64970fd8fe"},
    {file = "trio_websocket-0.9.2-py3-none-any.whl", hash = "sha256:5b558f6e83cc20a37c3b61202476c5295d1addf57bd65543364e0337e37ed2bc"},
]
urllib3 = [
    {file = "urllib3-1.26.6-py2.py3-none-any.whl", hash = "sha256:39fb8672126159acb139a7718dd10806104dec1e2f0f6c88aab05d17df10c8d4"},
    {file = "urllib3-1.26.6.tar.gz", hash = "sha256:f57b4c16c62fa2760b7e3d97c35b255512fb6b59a259730f36ba32ce9f8e342f"},
]
wsproto = [
    {file = "wsproto-1.0.0-py3-none-any.whl", hash = "sha256:d8345d1808dd599b5ffb352c25a367adb6157e664e140dbecba3f9bc007edb9f"},
    {file = "wsproto-1.0.0.tar.gz", hash = "sha256:868776f8456997ad0d9720f7322b746bbe9193751b5b290b7f924659377c8c38"},
]
